// !$*UTF8*$!
{
	archiveVersion = 1;
	classes = {
	};
	objectVersion = 90;
	objects = {

/* Begin PBXContainerItemProxy section */
		82106C622C4999BC009EB2FE /* PBXContainerItemProxy */ = {
			isa = PBXContainerItemProxy;
			containerPortal = 820A6C602C2C20B300245B41 /* Project object */;
			proxyType = 1;
			remoteGlobalIDString = 820A6C672C2C20B300245B41;
			remoteInfo = XDevMan;
		};
/* End PBXContainerItemProxy section */

/* Begin PBXFileReference section */
		820A6C682C2C20B300245B41 /* XDevMan.app */ = {isa = PBXFileReference; explicitFileType = wrapper.application; includeInIndex = 0; path = XDevMan.app; sourceTree = BUILT_PRODUCTS_DIR; };
		82106C5E2C4999BC009EB2FE /* XDevManTests.xctest */ = {isa = PBXFileReference; explicitFileType = wrapper.cfbundle; includeInIndex = 0; path = XDevManTests.xctest; sourceTree = BUILT_PRODUCTS_DIR; };
/* End PBXFileReference section */

/* Begin PBXFileSystemSynchronizedBuildFileExceptionSet section */
		82B477BE2F4C6801009166A5 /* Exceptions for "Resources" folder in "XDevMan" target */ = {
			isa = PBXFileSystemSynchronizedBuildFileExceptionSet;
			membershipExceptions = (
				Info.plist,
			);
			target = 820A6C672C2C20B300245B41 /* XDevMan */;
		};
/* End PBXFileSystemSynchronizedBuildFileExceptionSet section */

/* Begin PBXFileSystemSynchronizedRootGroup section */
		82106C5F2C4999BC009EB2FE /* XDevManTests */ = {
			isa = PBXFileSystemSynchronizedRootGroup;
			path = XDevManTests;
			sourceTree = "<group>";
		};
		82B4716F2F4C5E78009166A5 /* Main */ = {
			isa = PBXFileSystemSynchronizedRootGroup;
			path = Main;
			sourceTree = "<group>";
		};
		82B471762F4C5EC1009166A5 /* Sidebar */ = {
			isa = PBXFileSystemSynchronizedRootGroup;
			path = Sidebar;
			sourceTree = "<group>";
		};
		82B471E42F4C5F2F009166A5 /* Services */ = {
			isa = PBXFileSystemSynchronizedRootGroup;
			path = Services;
			sourceTree = "<group>";
		};
		82B471FB2F4C5F5C009166A5 /* CliTool */ = {
			isa = PBXFileSystemSynchronizedRootGroup;
			path = CliTool;
			sourceTree = "<group>";
		};
		82B472042F4C5F7D009166A5 /* Modifiers */ = {
			isa = PBXFileSystemSynchronizedRootGroup;
			path = Modifiers;
			sourceTree = "<group>";
		};
		82B472092F4C5FA0009166A5 /* Views */ = {
			isa = PBXFileSystemSynchronizedRootGroup;
			path = Views;
			sourceTree = "<group>";
		};
		82B4721C2F4C5FCE009166A5 /* Utils */ = {
			isa = PBXFileSystemSynchronizedRootGroup;
			path = Utils;
			sourceTree = "<group>";
		};
		82B472262F4C6125009166A5 /* Resources */ = {
			isa = PBXFileSystemSynchronizedRootGroup;
			exceptions = (
				82B477BE2F4C6801009166A5 /* Exceptions for "Resources" folder in "XDevMan" target */,
			);
			path = Resources;
			sourceTree = "<group>";
		};
/* End PBXFileSystemSynchronizedRootGroup section */

/* Begin PBXFrameworksBuildPhase section */
		820A6C652C2C20B300245B41 /* Frameworks */ = {
			isa = PBXFrameworksBuildPhase;
			files = (
			);
		};
		82106C5B2C4999BC009EB2FE /* Frameworks */ = {
			isa = PBXFrameworksBuildPhase;
			files = (
			);
		};
/* End PBXFrameworksBuildPhase section */

/* Begin PBXGroup section */
		820A6C5F2C2C20B300245B41 = {
			isa = PBXGroup;
			children = (
				820A6C6A2C2C20B300245B41 /* XDevMan */,
				82106C5F2C4999BC009EB2FE /* XDevManTests */,
				820A6C692C2C20B300245B41 /* Products */,
			);
			sourceTree = "<group>";
		};
		820A6C692C2C20B300245B41 /* Products */ = {
			isa = PBXGroup;
			children = (
				820A6C682C2C20B300245B41 /* XDevMan.app */,
				82106C5E2C4999BC009EB2FE /* XDevManTests.xctest */,
			);
			name = Products;
			sourceTree = "<group>";
		};
		820A6C6A2C2C20B300245B41 /* XDevMan */ = {
			isa = PBXGroup;
			children = (
				82B472262F4C6125009166A5 /* Resources */,
				82B4721C2F4C5FCE009166A5 /* Utils */,
				82B472092F4C5FA0009166A5 /* Views */,
				82B472042F4C5F7D009166A5 /* Modifiers */,
				82B471FB2F4C5F5C009166A5 /* CliTool */,
				82B471E42F4C5F2F009166A5 /* Services */,
				82B471762F4C5EC1009166A5 /* Sidebar */,
				82B4716F2F4C5E78009166A5 /* Main */,
			);
			path = XDevMan;
			sourceTree = "<group>";
		};
/* End PBXGroup section */

/* Begin PBXNativeTarget section */
		820A6C672C2C20B300245B41 /* XDevMan */ = {
			isa = PBXNativeTarget;
			buildConfigurationList = 820A6C772C2C20B400245B41 /* Build configuration list for PBXNativeTarget "XDevMan" */;
			buildPhases = (
				820A6C642C2C20B300245B41 /* Sources */,
				820A6C652C2C20B300245B41 /* Frameworks */,
				820A6C662C2C20B300245B41 /* Resources */,
				82BF6BD12CB4400E00AA000B /* ShellScript */,
			);
			buildRules = (
			);
			fileSystemSynchronizedGroups = (
				82B4716F2F4C5E78009166A5 /* Main */,
				82B471762F4C5EC1009166A5 /* Sidebar */,
				82B471E42F4C5F2F009166A5 /* Services */,
				82B471FB2F4C5F5C009166A5 /* CliTool */,
				82B472042F4C5F7D009166A5 /* Modifiers */,
				82B472092F4C5FA0009166A5 /* Views */,
				82B4721C2F4C5FCE009166A5 /* Utils */,
				82B472262F4C6125009166A5 /* Resources */,
			);
			name = XDevMan;
			productName = XDevMan;
			productReference = 820A6C682C2C20B300245B41 /* XDevMan.app */;
			productType = "com.apple.product-type.application";
		};
		82106C5D2C4999BC009EB2FE /* XDevManTests */ = {
			isa = PBXNativeTarget;
			buildConfigurationList = 82106C642C4999BC009EB2FE /* Build configuration list for PBXNativeTarget "XDevManTests" */;
			buildPhases = (
				82106C5A2C4999BC009EB2FE /* Sources */,
				82106C5B2C4999BC009EB2FE /* Frameworks */,
				82106C5C2C4999BC009EB2FE /* Resources */,
			);
			buildRules = (
			);
			dependencies = (
				82106C632C4999BC009EB2FE /* PBXTargetDependency */,
			);
			fileSystemSynchronizedGroups = (
				82106C5F2C4999BC009EB2FE /* XDevManTests */,
			);
			name = XDevManTests;
			productName = XDevManTests;
			productReference = 82106C5E2C4999BC009EB2FE /* XDevManTests.xctest */;
			productType = "com.apple.product-type.bundle.unit-test";
		};
/* End PBXNativeTarget section */

/* Begin PBXProject section */
		820A6C602C2C20B300245B41 /* Project object */ = {
			isa = PBXProject;
			attributes = {
				BuildIndependentTargetsInParallel = 1;
				LastSwiftUpdateCheck = 1600;
				LastUpgradeCheck = 1620;
				TargetAttributes = {
					820A6C672C2C20B300245B41 = {
						CreatedOnToolsVersion = 16.0;
					};
					82106C5D2C4999BC009EB2FE = {
						CreatedOnToolsVersion = 16.0;
						TestTargetID = 820A6C672C2C20B300245B41;
					};
				};
			};
			buildConfigurationList = 820A6C632C2C20B300245B41 /* Build configuration list for PBXProject "XDevMan" */;
			developmentRegion = en;
			hasScannedForEncodings = 0;
			knownRegions = (
				en,
				Base,
			);
			mainGroup = 820A6C5F2C2C20B300245B41;
			preferredProjectObjectVersion = 90;
			productRefGroup = 820A6C692C2C20B300245B41 /* Products */;
			projectDirPath = "";
			projectRoot = "";
			targets = (
				820A6C672C2C20B300245B41 /* XDevMan */,
				82106C5D2C4999BC009EB2FE /* XDevManTests */,
			);
		};
/* End PBXProject section */

/* Begin PBXResourcesBuildPhase section */
		820A6C662C2C20B300245B41 /* Resources */ = {
			isa = PBXResourcesBuildPhase;
			files = (
			);
		};
		82106C5C2C4999BC009EB2FE /* Resources */ = {
			isa = PBXResourcesBuildPhase;
			files = (
			);
		};
/* End PBXResourcesBuildPhase section */

/* Begin PBXShellScriptBuildPhase section */
		82BF6BD12CB4400E00AA000B /* ShellScript */ = {
			isa = PBXShellScriptBuildPhase;
			alwaysOutOfDate = 1;
			shellPath = /bin/sh;
			shellScript = (
				"PLIST=./XDevMan/Resources/Info.plist",
				"BUILD_VERSION=$(/usr/libexec/PlistBuddy -c \"Print :BuildVersion\" \"${PLIST}\")",
				"if [[ $CONFIGURATION != \"Release\" ]]; then",
				"    BUILD_VERSION=$(($BUILD_VERSION + 1))",
				"    /usr/libexec/PlistBuddy -c \"Set :BuildVersion ${BUILD_VERSION}\" \"${PLIST}\"",
				"fi",
				"PLIST_APP=\"${TARGET_BUILD_DIR}/${INFOPLIST_PATH}\"",
				"/usr/libexec/PlistBuddy -c \"Set :CFBundleVersion ${BUILD_VERSION}\" \"${PLIST_APP}\"",
				"",
			);
		};
/* End PBXShellScriptBuildPhase section */

/* Begin PBXSourcesBuildPhase section */
		820A6C642C2C20B300245B41 /* Sources */ = {
			isa = PBXSourcesBuildPhase;
			files = (
			);
		};
		82106C5A2C4999BC009EB2FE /* Sources */ = {
			isa = PBXSourcesBuildPhase;
			files = (
			);
		};
/* End PBXSourcesBuildPhase section */

/* Begin PBXTargetDependency section */
		82106C632C4999BC009EB2FE /* PBXTargetDependency */ = {
			isa = PBXTargetDependency;
			target = 820A6C672C2C20B300245B41 /* XDevMan */;
			targetProxy = 82106C622C4999BC009EB2FE /* PBXContainerItemProxy */;
		};
/* End PBXTargetDependency section */

/* Begin XCBuildConfiguration section */
		820A6C752C2C20B400245B41 /* Debug configuration for PBXProject "XDevMan" */ = {
			isa = XCBuildConfiguration;
			buildSettings = {
				ALWAYS_SEARCH_USER_PATHS = NO;
				ASSETCATALOG_COMPILER_GENERATE_SWIFT_ASSET_SYMBOL_EXTENSIONS = YES;
				CLANG_ANALYZER_NONNULL = YES;
				CLANG_ANALYZER_NUMBER_OBJECT_CONVERSION = YES_AGGRESSIVE;
				CLANG_CXX_LANGUAGE_STANDARD = "gnu++20";
				CLANG_ENABLE_MODULES = YES;
				CLANG_ENABLE_OBJC_ARC = YES;
				CLANG_ENABLE_OBJC_WEAK = YES;
				CLANG_WARN_BLOCK_CAPTURE_AUTORELEASING = YES;
				CLANG_WARN_BOOL_CONVERSION = YES;
				CLANG_WARN_COMMA = YES;
				CLANG_WARN_CONSTANT_CONVERSION = YES;
				CLANG_WARN_DEPRECATED_OBJC_IMPLEMENTATIONS = YES;
				CLANG_WARN_DIRECT_OBJC_ISA_USAGE = YES_ERROR;
				CLANG_WARN_DOCUMENTATION_COMMENTS = YES;
				CLANG_WARN_EMPTY_BODY = YES;
				CLANG_WARN_ENUM_CONVERSION = YES;
				CLANG_WARN_INFINITE_RECURSION = YES;
				CLANG_WARN_INT_CONVERSION = YES;
				CLANG_WARN_NON_LITERAL_NULL_CONVERSION = YES;
				CLANG_WARN_OBJC_IMPLICIT_RETAIN_SELF = YES;
				CLANG_WARN_OBJC_LITERAL_CONVERSION = YES;
				CLANG_WARN_OBJC_ROOT_CLASS = YES_ERROR;
				CLANG_WARN_QUOTED_INCLUDE_IN_FRAMEWORK_HEADER = YES;
				CLANG_WARN_RANGE_LOOP_ANALYSIS = YES;
				CLANG_WARN_STRICT_PROTOTYPES = YES;
				CLANG_WARN_SUSPICIOUS_MOVE = YES;
				CLANG_WARN_UNGUARDED_AVAILABILITY = YES_AGGRESSIVE;
				CLANG_WARN_UNREACHABLE_CODE = YES;
				CLANG_WARN__DUPLICATE_METHOD_MATCH = YES;
				COPY_PHASE_STRIP = NO;
				DEAD_CODE_STRIPPING = YES;
				DEBUG_INFORMATION_FORMAT = dwarf;
				ENABLE_STRICT_OBJC_MSGSEND = YES;
				ENABLE_TESTABILITY = YES;
				ENABLE_USER_SCRIPT_SANDBOXING = YES;
				GCC_C_LANGUAGE_STANDARD = gnu17;
				GCC_DYNAMIC_NO_PIC = NO;
				GCC_NO_COMMON_BLOCKS = YES;
				GCC_OPTIMIZATION_LEVEL = 0;
				GCC_PREPROCESSOR_DEFINITIONS = (
					"DEBUG=1",
					"$(inherited)",
				);
				GCC_WARN_64_TO_32_BIT_CONVERSION = YES;
				GCC_WARN_ABOUT_RETURN_TYPE = YES_ERROR;
				GCC_WARN_UNDECLARED_SELECTOR = YES;
				GCC_WARN_UNINITIALIZED_AUTOS = YES_AGGRESSIVE;
				GCC_WARN_UNUSED_FUNCTION = YES;
				GCC_WARN_UNUSED_VARIABLE = YES;
				LOCALIZATION_PREFERS_STRING_CATALOGS = YES;
				MACOSX_DEPLOYMENT_TARGET = 14.5;
				MTL_ENABLE_DEBUG_INFO = INCLUDE_SOURCE;
				MTL_FAST_MATH = YES;
				ONLY_ACTIVE_ARCH = YES;
				SDKROOT = macosx;
				SWIFT_ACTIVE_COMPILATION_CONDITIONS = "DEBUG $(inherited)";
				SWIFT_OPTIMIZATION_LEVEL = "-Onone";
			};
			name = Debug;
		};
		820A6C762C2C20B400245B41 /* Release configuration for PBXProject "XDevMan" */ = {
			isa = XCBuildConfiguration;
			buildSettings = {
				ALWAYS_SEARCH_USER_PATHS = NO;
				ASSETCATALOG_COMPILER_GENERATE_SWIFT_ASSET_SYMBOL_EXTENSIONS = YES;
				CLANG_ANALYZER_NONNULL = YES;
				CLANG_ANALYZER_NUMBER_OBJECT_CONVERSION = YES_AGGRESSIVE;
				CLANG_CXX_LANGUAGE_STANDARD = "gnu++20";
				CLANG_ENABLE_MODULES = YES;
				CLANG_ENABLE_OBJC_ARC = YES;
				CLANG_ENABLE_OBJC_WEAK = YES;
				CLANG_WARN_BLOCK_CAPTURE_AUTORELEASING = YES;
				CLANG_WARN_BOOL_CONVERSION = YES;
				CLANG_WARN_COMMA = YES;
				CLANG_WARN_CONSTANT_CONVERSION = YES;
				CLANG_WARN_DEPRECATED_OBJC_IMPLEMENTATIONS = YES;
				CLANG_WARN_DIRECT_OBJC_ISA_USAGE = YES_ERROR;
				CLANG_WARN_DOCUMENTATION_COMMENTS = YES;
				CLANG_WARN_EMPTY_BODY = YES;
				CLANG_WARN_ENUM_CONVERSION = YES;
				CLANG_WARN_INFINITE_RECURSION = YES;
				CLANG_WARN_INT_CONVERSION = YES;
				CLANG_WARN_NON_LITERAL_NULL_CONVERSION = YES;
				CLANG_WARN_OBJC_IMPLICIT_RETAIN_SELF = YES;
				CLANG_WARN_OBJC_LITERAL_CONVERSION = YES;
				CLANG_WARN_OBJC_ROOT_CLASS = YES_ERROR;
				CLANG_WARN_QUOTED_INCLUDE_IN_FRAMEWORK_HEADER = YES;
				CLANG_WARN_RANGE_LOOP_ANALYSIS = YES;
				CLANG_WARN_STRICT_PROTOTYPES = YES;
				CLANG_WARN_SUSPICIOUS_MOVE = YES;
				CLANG_WARN_UNGUARDED_AVAILABILITY = YES_AGGRESSIVE;
				CLANG_WARN_UNREACHABLE_CODE = YES;
				CLANG_WARN__DUPLICATE_METHOD_MATCH = YES;
				COPY_PHASE_STRIP = NO;
				DEAD_CODE_STRIPPING = YES;
				DEBUG_INFORMATION_FORMAT = "dwarf-with-dsym";
				ENABLE_NS_ASSERTIONS = NO;
				ENABLE_STRICT_OBJC_MSGSEND = YES;
				ENABLE_USER_SCRIPT_SANDBOXING = YES;
				GCC_C_LANGUAGE_STANDARD = gnu17;
				GCC_NO_COMMON_BLOCKS = YES;
				GCC_WARN_64_TO_32_BIT_CONVERSION = YES;
				GCC_WARN_ABOUT_RETURN_TYPE = YES_ERROR;
				GCC_WARN_UNDECLARED_SELECTOR = YES;
				GCC_WARN_UNINITIALIZED_AUTOS = YES_AGGRESSIVE;
				GCC_WARN_UNUSED_FUNCTION = YES;
				GCC_WARN_UNUSED_VARIABLE = YES;
				LOCALIZATION_PREFERS_STRING_CATALOGS = YES;
				MACOSX_DEPLOYMENT_TARGET = 14.5;
				MTL_ENABLE_DEBUG_INFO = NO;
				MTL_FAST_MATH = YES;
				SDKROOT = macosx;
				SWIFT_COMPILATION_MODE = wholemodule;
			};
			name = Release;
		};
		820A6C782C2C20B400245B41 /* Debug configuration for PBXNativeTarget "XDevMan" */ = {
			isa = XCBuildConfiguration;
			buildSettings = {
				ASSETCATALOG_COMPILER_APPICON_NAME = AppIcon;
				ASSETCATALOG_COMPILER_GLOBAL_ACCENT_COLOR_NAME = AccentColor;
				CODE_SIGN_ENTITLEMENTS = XDevMan/Resources/XDevMan.entitlements;
				"CODE_SIGN_IDENTITY[sdk=macosx*]" = "-";
				CODE_SIGN_STYLE = Automatic;
				COMBINE_HIDPI_IMAGES = YES;
				CURRENT_PROJECT_VERSION = 51;
				DEAD_CODE_STRIPPING = YES;
				DEVELOPMENT_ASSET_PATHS = "";
				DEVELOPMENT_TEAM = 4HUHB9J47M;
				ENABLE_HARDENED_RUNTIME = YES;
				ENABLE_PREVIEWS = YES;
				ENABLE_USER_SCRIPT_SANDBOXING = NO;
				GENERATE_INFOPLIST_FILE = YES;
				INFOPLIST_FILE = XDevMan/Resources/Info.plist;
				INFOPLIST_KEY_LSApplicationCategoryType = "public.app-category.developer-tools";
				INFOPLIST_KEY_NSHumanReadableCopyright = "";
				LD_RUNPATH_SEARCH_PATHS = (
					"$(inherited)",
					"@executable_path/../Frameworks",
				);
				MARKETING_VERSION = 3.2.0;
				PRODUCT_BUNDLE_IDENTIFIER = com.mikehouse.nsk.XDevMan;
				PRODUCT_NAME = "$(TARGET_NAME)";
				SWIFT_APPROACHABLE_CONCURRENCY = YES;
				SWIFT_DEFAULT_ACTOR_ISOLATION = MainActor;
				SWIFT_EMIT_LOC_STRINGS = YES;
				SWIFT_STRICT_CONCURRENCY = complete;
				SWIFT_VERSION = 6.0;
			};
			name = Debug;
		};
		820A6C792C2C20B400245B41 /* Release configuration for PBXNativeTarget "XDevMan" */ = {
			isa = XCBuildConfiguration;
			buildSettings = {
				ASSETCATALOG_COMPILER_APPICON_NAME = AppIcon;
				ASSETCATALOG_COMPILER_GLOBAL_ACCENT_COLOR_NAME = AccentColor;
				CODE_SIGN_ENTITLEMENTS = XDevMan/Resources/XDevMan.entitlements;
				"CODE_SIGN_IDENTITY[sdk=macosx*]" = "-";
				CODE_SIGN_STYLE = Automatic;
				COMBINE_HIDPI_IMAGES = YES;
				CURRENT_PROJECT_VERSION = 51;
				DEAD_CODE_STRIPPING = YES;
				DEVELOPMENT_ASSET_PATHS = "";
				DEVELOPMENT_TEAM = 4HUHB9J47M;
				ENABLE_HARDENED_RUNTIME = YES;
				ENABLE_PREVIEWS = YES;
				ENABLE_USER_SCRIPT_SANDBOXING = NO;
				GENERATE_INFOPLIST_FILE = YES;
				INFOPLIST_FILE = XDevMan/Resources/Info.plist;
				INFOPLIST_KEY_LSApplicationCategoryType = "public.app-category.developer-tools";
				INFOPLIST_KEY_NSHumanReadableCopyright = "";
				LD_RUNPATH_SEARCH_PATHS = (
					"$(inherited)",
					"@executable_path/../Frameworks",
				);
				MARKETING_VERSION = 3.2.0;
				PRODUCT_BUNDLE_IDENTIFIER = com.mikehouse.nsk.XDevMan;
				PRODUCT_NAME = "$(TARGET_NAME)";
				SWIFT_APPROACHABLE_CONCURRENCY = YES;
				SWIFT_DEFAULT_ACTOR_ISOLATION = MainActor;
				SWIFT_EMIT_LOC_STRINGS = YES;
				SWIFT_STRICT_CONCURRENCY = complete;
				SWIFT_VERSION = 6.0;
			};
			name = Release;
		};
		82106C652C4999BC009EB2FE /* Debug configuration for PBXNativeTarget "XDevManTests" */ = {
			isa = XCBuildConfiguration;
			buildSettings = {
				BUNDLE_LOADER = "$(TEST_HOST)";
				CODE_SIGN_STYLE = Automatic;
				CURRENT_PROJECT_VERSION = 51;
				DEAD_CODE_STRIPPING = YES;
				DEVELOPMENT_TEAM = 4HUHB9J47M;
				ENABLE_USER_SCRIPT_SANDBOXING = NO;
				GENERATE_INFOPLIST_FILE = YES;
				MARKETING_VERSION = 1.0;
				PRODUCT_BUNDLE_IDENTIFIER = com.mikehouse.nsk.XDevManTests;
				PRODUCT_NAME = "$(TARGET_NAME)";
				SWIFT_EMIT_LOC_STRINGS = NO;
				SWIFT_VERSION = 5.0;
				TEST_HOST = "$(BUILT_PRODUCTS_DIR)/XDevMan.app/$(BUNDLE_EXECUTABLE_FOLDER_PATH)/XDevMan";
			};
			name = Debug;
		};
		82106C662C4999BC009EB2FE /* Release configuration for PBXNativeTarget "XDevManTests" */ = {
			isa = XCBuildConfiguration;
			buildSettings = {
				BUNDLE_LOADER = "$(TEST_HOST)";
				CODE_SIGN_STYLE = Automatic;
				CURRENT_PROJECT_VERSION = 51;
				DEAD_CODE_STRIPPING = YES;
				DEVELOPMENT_TEAM = 4HUHB9J47M;
				ENABLE_USER_SCRIPT_SANDBOXING = NO;
				GENERATE_INFOPLIST_FILE = YES;
				MARKETING_VERSION = 1.0;
				PRODUCT_BUNDLE_IDENTIFIER = com.mikehouse.nsk.XDevManTests;
				PRODUCT_NAME = "$(TARGET_NAME)";
				SWIFT_EMIT_LOC_STRINGS = NO;
				SWIFT_VERSION = 5.0;
				TEST_HOST = "$(BUILT_PRODUCTS_DIR)/XDevMan.app/$(BUNDLE_EXECUTABLE_FOLDER_PATH)/XDevMan";
			};
			name = Release;
		};
/* End XCBuildConfiguration section */

/* Begin XCConfigurationList section */
		820A6C632C2C20B300245B41 /* Build configuration list for PBXProject "XDevMan" */ = {
			isa = XCConfigurationList;
			buildConfigurations = (
				820A6C752C2C20B400245B41 /* Debug configuration for PBXProject "XDevMan" */,
				820A6C762C2C20B400245B41 /* Release configuration for PBXProject "XDevMan" */,
			);
			defaultConfigurationName = Release;
		};
		820A6C772C2C20B400245B41 /* Build configuration list for PBXNativeTarget "XDevMan" */ = {
			isa = XCConfigurationList;
			buildConfigurations = (
				820A6C782C2C20B400245B41 /* Debug configuration for PBXNativeTarget "XDevMan" */,
				820A6C792C2C20B400245B41 /* Release configuration for PBXNativeTarget "XDevMan" */,
			);
			defaultConfigurationName = Release;
		};
		82106C642C4999BC009EB2FE /* Build configuration list for PBXNativeTarget "XDevManTests" */ = {
			isa = XCConfigurationList;
			buildConfigurations = (
				82106C652C4999BC009EB2FE /* Debug configuration for PBXNativeTarget "XDevManTests" */,
				82106C662C4999BC009EB2FE /* Release configuration for PBXNativeTarget "XDevManTests" */,
			);
			defaultConfigurationName = Release;
		};
/* End XCConfigurationList section */
	};
	rootObject = 820A6C602C2C20B300245B41 /* Project object */;
}
